
Microsoft Visual Studio Solution File, Format Version 12.00
# Visual Studio Version 16
VisualStudioVersion = 16.0.31402.337
MinimumVisualStudioVersion = 10.0.40219.1
Project("{FAE04EC0-301F-11D3-BF4B-00C04F79EFBC}") = "CurseForge.APIClient", "CurseForge.APIClient.csproj", "{C4B82C61-4F05-49C3-B812-F4FE6EAA7169}"
EndProject
Project("{2150E333-8FDC-42A3-9474-1A3956D46DE8}") = "Solution Items", "Solution Items", "{C0B555B8-9E7F-4763-A52E-4723E6390F27}"
	ProjectSection(SolutionItems) = preProject
		.editorconfig = .editorconfig
		LICENSE.txt = LICENSE.txt
		README.md = README.md
	EndProjectSection
EndProject
Global
	GlobalSection(SolutionConfigurationPlatforms) = preSolution
		Debug|Any CPU = Debug|Any CPU
		Release|Any CPU = Release|Any CPU
	EndGlobalSection
	GlobalSection(ProjectConfigurationPlatforms) = postSolution
		{C4B82C61-4F05-49C3-B812-F4FE6EAA7169}.Debug|Any CPU.ActiveCfg = Debug|Any CPU
		{C4B82C61-4F05-49C3-B812-F4FE6EAA7169}.Debug|Any CPU.Build.0 = Debug|Any CPU
		{C4B82C61-4F05-49C3-B812-F4FE6EAA7169}.Release|Any CPU.ActiveCfg = Release|Any CPU
		{C4B82C61-4F05-49C3-B812-F4FE6EAA7169}.Release|Any CPU.Build.0 = Release|Any CPU
	EndGlobalSection
	GlobalSection(SolutionProperties) = preSolution
		HideSolutionNode = FALSE
	EndGlobalSection
	GlobalSection(ExtensibilityGlobals) = postSolution
		SolutionGuid = {67AF453F-ADA7-4BF1-898E-85E4D5914608}
	EndGlobalSection
EndGlobal
